
Microsoft Visual Studio Solution File, Format Version 12.00
# Visual Studio 15
VisualStudioVersion = 15.0.28307.852
MinimumVisualStudioVersion = 10.0.40219.1
Project("{8BC9CEB8-8B4A-11D0-8D11-00A0C91BC942}") = "Sudoku", "Sudoku\Sudoku.vcxproj", "{AD5A9FC7-0EEE-427F-854D-47D302000DDD}"
EndProject
Global
	GlobalSection(Performance) = preSolution
		HasPerformanceSessions = true
	EndGlobalSection
	GlobalSection(SolutionConfigurationPlatforms) = preSolution
		Debug|x64 = Debug|x64
		Debug|x86 = Debug|x86
		Release|x64 = Release|x64
		Release|x86 = Release|x86
	EndGlobalSection
	GlobalSection(ProjectConfigurationPlatforms) = postSolution
		{AD5A9FC7-0EEE-427F-854D-47D302000DDD}.Debug|x64.ActiveCfg = Debug|x64
		{AD5A9FC7-0EEE-427F-854D-47D302000DDD}.Debug|x64.Build.0 = Debug|x64
		{AD5A9FC7-0EEE-427F-854D-47D302000DDD}.Debug|x86.ActiveCfg = Debug|Win32
		{AD5A9FC7-0EEE-427F-854D-47D302000DDD}.Debug|x86.Build.0 = Debug|Win32
		{AD5A9FC7-0EEE-427F-854D-47D302000DDD}.Release|x64.ActiveCfg = Release|x64
		{AD5A9FC7-0EEE-427F-854D-47D302000DDD}.Release|x64.Build.0 = Release|x64
		{AD5A9FC7-0EEE-427F-854D-47D302000DDD}.Release|x86.ActiveCfg = Release|Win32
		{AD5A9FC7-0EEE-427F-854D-47D302000DDD}.Release|x86.Build.0 = Release|Win32
	EndGlobalSection
	GlobalSection(SolutionProperties) = preSolution
		HideSolutionNode = FALSE
	EndGlobalSection
	GlobalSection(ExtensibilityGlobals) = postSolution
		SolutionGuid = {FFD47088-7C3C-4D3B-9643-B922DBA8C3B3}
	EndGlobalSection
EndGlobal
